
Microsoft Visual Studio Solution File, Format Version 12.00
# Visual Studio 14
VisualStudioVersion = 14.0.25420.1
MinimumVisualStudioVersion = 10.0.40219.1
Project("{FAE04EC0-301F-11D3-BF4B-00C04F79EFBC}") = "RemoveNegativeAndReverse", "RemoveNegativeAndReverse\RemoveNegativeAndReverse.csproj", "{8BFC8863-0D98-4B92-B2CD-53B352C8B9DC}"
EndProject
Project("{FAE04EC0-301F-11D3-BF4B-00C04F79EFBC}") = "AppendList", "AppendList\AppendList.csproj", "{403E0D41-835E-4B6F-8676-06B8BF62BF4F}"
EndProject
Project("{FAE04EC0-301F-11D3-BF4B-00C04F79EFBC}") = "SumAdjacentEqualNumbers", "SumAdjacentEqualNumbers\SumAdjacentEqualNumbers.csproj", "{74C3F671-C877-452F-9388-8F5BB851DF28}"
EndProject
Project("{FAE04EC0-301F-11D3-BF4B-00C04F79EFBC}") = "SplitByWordCasing", "SplitByWordCasing\SplitByWordCasing.csproj", "{75C0200D-3E18-4FD8-87BC-E09EE1B1B921}"
EndProject
Project("{FAE04EC0-301F-11D3-BF4B-00C04F79EFBC}") = "SortNumbers", "SortNumbers\SortNumbers.csproj", "{99158CCB-6690-411A-8958-AC434209B8E1}"
EndProject
Project("{FAE04EC0-301F-11D3-BF4B-00C04F79EFBC}") = "SquareNumbers", "SquareNumbers\SquareNumbers.csproj", "{821CAC5B-B723-4139-83F6-E80F6A450571}"
EndProject
Global
	GlobalSection(SolutionConfigurationPlatforms) = preSolution
		Debug|Any CPU = Debug|Any CPU
		Release|Any CPU = Release|Any CPU
	EndGlobalSection
	GlobalSection(ProjectConfigurationPlatforms) = postSolution
		{8BFC8863-0D98-4B92-B2CD-53B352C8B9DC}.Debug|Any CPU.ActiveCfg = Debug|Any CPU
		{8BFC8863-0D98-4B92-B2CD-53B352C8B9DC}.Debug|Any CPU.Build.0 = Debug|Any CPU
		{8BFC8863-0D98-4B92-B2CD-53B352C8B9DC}.Release|Any CPU.ActiveCfg = Release|Any CPU
		{8BFC8863-0D98-4B92-B2CD-53B352C8B9DC}.Release|Any CPU.Build.0 = Release|Any CPU
		{403E0D41-835E-4B6F-8676-06B8BF62BF4F}.Debug|Any CPU.ActiveCfg = Debug|Any CPU
		{403E0D41-835E-4B6F-8676-06B8BF62BF4F}.Debug|Any CPU.Build.0 = Debug|Any CPU
		{403E0D41-835E-4B6F-8676-06B8BF62BF4F}.Release|Any CPU.ActiveCfg = Release|Any CPU
		{403E0D41-835E-4B6F-8676-06B8BF62BF4F}.Release|Any CPU.Build.0 = Release|Any CPU
		{74C3F671-C877-452F-9388-8F5BB851DF28}.Debug|Any CPU.ActiveCfg = Debug|Any CPU
		{74C3F671-C877-452F-9388-8F5BB851DF28}.Debug|Any CPU.Build.0 = Debug|Any CPU
		{74C3F671-C877-452F-9388-8F5BB851DF28}.Release|Any CPU.ActiveCfg = Release|Any CPU
		{74C3F671-C877-452F-9388-8F5BB851DF28}.Release|Any CPU.Build.0 = Release|Any CPU
		{75C0200D-3E18-4FD8-87BC-E09EE1B1B921}.Debug|Any CPU.ActiveCfg = Debug|Any CPU
		{75C0200D-3E18-4FD8-87BC-E09EE1B1B921}.Debug|Any CPU.Build.0 = Debug|Any CPU
		{75C0200D-3E18-4FD8-87BC-E09EE1B1B921}.Release|Any CPU.ActiveCfg = Release|Any CPU
		{75C0200D-3E18-4FD8-87BC-E09EE1B1B921}.Release|Any CPU.Build.0 = Release|Any CPU
		{99158CCB-6690-411A-8958-AC434209B8E1}.Debug|Any CPU.ActiveCfg = Debug|Any CPU
		{99158CCB-6690-411A-8958-AC434209B8E1}.Debug|Any CPU.Build.0 = Debug|Any CPU
		{99158CCB-6690-411A-8958-AC434209B8E1}.Release|Any CPU.ActiveCfg = Release|Any CPU
		{99158CCB-6690-411A-8958-AC434209B8E1}.Release|Any CPU.Build.0 = Release|Any CPU
		{821CAC5B-B723-4139-83F6-E80F6A450571}.Debug|Any CPU.ActiveCfg = Debug|Any CPU
		{821CAC5B-B723-4139-83F6-E80F6A450571}.Debug|Any CPU.Build.0 = Debug|Any CPU
		{821CAC5B-B723-4139-83F6-E80F6A450571}.Release|Any CPU.ActiveCfg = Release|Any CPU
		{821CAC5B-B723-4139-83F6-E80F6A450571}.Release|Any CPU.Build.0 = Release|Any CPU
	EndGlobalSection
	GlobalSection(SolutionProperties) = preSolution
		HideSolutionNode = FALSE
	EndGlobalSection
EndGlobal
