
Microsoft Visual Studio Solution File, Format Version 12.00
# Visual Studio 14
VisualStudioVersion = 14.0.25420.1
MinimumVisualStudioVersion = 10.0.40219.1
Project("{FAE04EC0-301F-11D3-BF4B-00C04F79EFBC}") = "MaxSequenceOfEqualElements", "MaxSequenceOfEqualElements\MaxSequenceOfEqualElements.csproj", "{C1876B34-B01A-4B07-9E6A-E0306B6A37CF}"
EndProject
Project("{FAE04EC0-301F-11D3-BF4B-00C04F79EFBC}") = "SumReversedNumbers", "SumReversedNumbers\SumReversedNumbers.csproj", "{63221393-5756-46B9-BD4F-D76FEB80B240}"
EndProject
Project("{FAE04EC0-301F-11D3-BF4B-00C04F79EFBC}") = "BombNumbers", "BombNumbers\BombNumbers.csproj", "{E8AB6C40-C8F9-49B1-9536-B6B6B632476D}"
EndProject
Global
	GlobalSection(SolutionConfigurationPlatforms) = preSolution
		Debug|Any CPU = Debug|Any CPU
		Release|Any CPU = Release|Any CPU
	EndGlobalSection
	GlobalSection(ProjectConfigurationPlatforms) = postSolution
		{C1876B34-B01A-4B07-9E6A-E0306B6A37CF}.Debug|Any CPU.ActiveCfg = Debug|Any CPU
		{C1876B34-B01A-4B07-9E6A-E0306B6A37CF}.Debug|Any CPU.Build.0 = Debug|Any CPU
		{C1876B34-B01A-4B07-9E6A-E0306B6A37CF}.Release|Any CPU.ActiveCfg = Release|Any CPU
		{C1876B34-B01A-4B07-9E6A-E0306B6A37CF}.Release|Any CPU.Build.0 = Release|Any CPU
		{63221393-5756-46B9-BD4F-D76FEB80B240}.Debug|Any CPU.ActiveCfg = Debug|Any CPU
		{63221393-5756-46B9-BD4F-D76FEB80B240}.Debug|Any CPU.Build.0 = Debug|Any CPU
		{63221393-5756-46B9-BD4F-D76FEB80B240}.Release|Any CPU.ActiveCfg = Release|Any CPU
		{63221393-5756-46B9-BD4F-D76FEB80B240}.Release|Any CPU.Build.0 = Release|Any CPU
		{E8AB6C40-C8F9-49B1-9536-B6B6B632476D}.Debug|Any CPU.ActiveCfg = Debug|Any CPU
		{E8AB6C40-C8F9-49B1-9536-B6B6B632476D}.Debug|Any CPU.Build.0 = Debug|Any CPU
		{E8AB6C40-C8F9-49B1-9536-B6B6B632476D}.Release|Any CPU.ActiveCfg = Release|Any CPU
		{E8AB6C40-C8F9-49B1-9536-B6B6B632476D}.Release|Any CPU.Build.0 = Release|Any CPU
	EndGlobalSection
	GlobalSection(SolutionProperties) = preSolution
		HideSolutionNode = FALSE
	EndGlobalSection
EndGlobal
